// !$*UTF8*$!
{
	archiveVersion = 1;
	classes = {
	};
	objectVersion = 46;
	objects = {

/* Begin PBXBuildFile section */
		DE381A6A1A9717F40008B492 /* main.m in Sources */ = {isa = PBXBuildFile; fileRef = DE381A691A9717F40008B492 /* main.m */; };
		DE381A6D1A9717F40008B492 /* AppDelegate.m in Sources */ = {isa = PBXBuildFile; fileRef = DE381A6C1A9717F40008B492 /* AppDelegate.m */; };
		DE381A701A9717F40008B492 /* ViewController.m in Sources */ = {isa = PBXBuildFile; fileRef = DE381A6F1A9717F40008B492 /* ViewController.m */; };
		DE381A731A9717F40008B492 /* Main.storyboard in Resources */ = {isa = PBXBuildFile; fileRef = DE381A711A9717F40008B492 /* Main.storyboard */; };
		DE381A751A9717F50008B492 /* Images.xcassets in Resources */ = {isa = PBXBuildFile; fileRef = DE381A741A9717F50008B492 /* Images.xcassets */; };
		DE381A781A9717F50008B492 /* LaunchScreen.xib in Resources */ = {isa = PBXBuildFile; fileRef = DE381A761A9717F50008B492 /* LaunchScreen.xib */; };
		DE381A841A9717F60008B492 /* BSUnicodeConverterTests.m in Sources */ = {isa = PBXBuildFile; fileRef = DE381A831A9717F60008B492 /* BSUnicodeConverterTests.m */; };
		DE63260F1A9870E100095504 /* BSUnicodeConverter.m in Sources */ = {isa = PBXBuildFile; fileRef = DE63260E1A9870E100095504 /* BSUnicodeConverter.m */; };
		DEF260AC1C7A7CF6002E5178 /* BSUnicodeConverter.m in Sources */ = {isa = PBXBuildFile; fileRef = DE63260E1A9870E100095504 /* BSUnicodeConverter.m */; };
		DEF260AD1C7A7D00002E5178 /* BSUnicodeHelper.m in Sources */ = {isa = PBXBuildFile; fileRef = DEF260AA1C7A761D002E5178 /* BSUnicodeHelper.m */; };
		DEF8D6901C7AD27300642209 /* BSStringDataTests.m in Sources */ = {isa = PBXBuildFile; fileRef = DEF8D68F1C7AD27300642209 /* BSStringDataTests.m */; };
		DEFF998F1C7A7DFE00BD782E /* BSUnicodeHelperTests.m in Sources */ = {isa = PBXBuildFile; fileRef = DEFF998E1C7A7DFE00BD782E /* BSUnicodeHelperTests.m */; };
		DEFF99921C7A7FF300BD782E /* BSUnicodeConstants.m in Sources */ = {isa = PBXBuildFile; fileRef = DEFF99911C7A7FF300BD782E /* BSUnicodeConstants.m */; };
/* End PBXBuildFile section */

/* Begin PBXContainerItemProxy section */
		DE381A7E1A9717F50008B492 /* PBXContainerItemProxy */ = {
			isa = PBXContainerItemProxy;
			containerPortal = DE381A5C1A9717F30008B492 /* Project object */;
			proxyType = 1;
			remoteGlobalIDString = DE381A631A9717F40008B492;
			remoteInfo = UnicodeConverter;
		};
/* End PBXContainerItemProxy section */

/* Begin PBXFileReference section */
		DE381A641A9717F40008B492 /* UnicodeConverter.app */ = {isa = PBXFileReference; explicitFileType = wrapper.application; includeInIndex = 0; path = UnicodeConverter.app; sourceTree = BUILT_PRODUCTS_DIR; };
		DE381A681A9717F40008B492 /* Info.plist */ = {isa = PBXFileReference; lastKnownFileType = text.plist.xml; path = Info.plist; sourceTree = "<group>"; };
		DE381A691A9717F40008B492 /* main.m */ = {isa = PBXFileReference; lastKnownFileType = sourcecode.c.objc; path = main.m; sourceTree = "<group>"; };
		DE381A6B1A9717F40008B492 /* AppDelegate.h */ = {isa = PBXFileReference; lastKnownFileType = sourcecode.c.h; path = AppDelegate.h; sourceTree = "<group>"; };
		DE381A6C1A9717F40008B492 /* AppDelegate.m */ = {isa = PBXFileReference; lastKnownFileType = sourcecode.c.objc; path = AppDelegate.m; sourceTree = "<group>"; };
		DE381A6E1A9717F40008B492 /* ViewController.h */ = {isa = PBXFileReference; lastKnownFileType = sourcecode.c.h; path = ViewController.h; sourceTree = "<group>"; };
		DE381A6F1A9717F40008B492 /* ViewController.m */ = {isa = PBXFileReference; lastKnownFileType = sourcecode.c.objc; path = ViewController.m; sourceTree = "<group>"; };
		DE381A721A9717F40008B492 /* Base */ = {isa = PBXFileReference; lastKnownFileType = file.storyboard; name = Base; path = Base.lproj/Main.storyboard; sourceTree = "<group>"; };
		DE381A741A9717F50008B492 /* Images.xcassets */ = {isa = PBXFileReference; lastKnownFileType = folder.assetcatalog; path = Images.xcassets; sourceTree = "<group>"; };
		DE381A771A9717F50008B492 /* Base */ = {isa = PBXFileReference; lastKnownFileType = file.xib; name = Base; path = Base.lproj/LaunchScreen.xib; sourceTree = "<group>"; };
		DE381A7D1A9717F50008B492 /* UnicodeConverterTests.xctest */ = {isa = PBXFileReference; explicitFileType = wrapper.cfbundle; includeInIndex = 0; path = UnicodeConverterTests.xctest; sourceTree = BUILT_PRODUCTS_DIR; };
		DE381A821A9717F50008B492 /* Info.plist */ = {isa = PBXFileReference; lastKnownFileType = text.plist.xml; path = Info.plist; sourceTree = "<group>"; };
		DE381A831A9717F60008B492 /* BSUnicodeConverterTests.m */ = {isa = PBXFileReference; lastKnownFileType = sourcecode.c.objc; lineEnding = 0; path = BSUnicodeConverterTests.m; sourceTree = "<group>"; xcLanguageSpecificationIdentifier = xcode.lang.objc; };
		DE63260D1A9870E100095504 /* BSUnicodeConverter.h */ = {isa = PBXFileReference; fileEncoding = 4; lastKnownFileType = sourcecode.c.h; name = BSUnicodeConverter.h; path = UnicodeConverter/BSUnicodeConverter.h; sourceTree = "<group>"; };
		DE63260E1A9870E100095504 /* BSUnicodeConverter.m */ = {isa = PBXFileReference; fileEncoding = 4; lastKnownFileType = sourcecode.c.objc; name = BSUnicodeConverter.m; path = UnicodeConverter/BSUnicodeConverter.m; sourceTree = "<group>"; };
		DE8E95941A971BCD0099DD6E /* LICENSE */ = {isa = PBXFileReference; lastKnownFileType = text; path = LICENSE; sourceTree = "<group>"; };
		DED333321A971ABF00D8E2B2 /* README.md */ = {isa = PBXFileReference; lastKnownFileType = net.daringfireball.markdown; path = README.md; sourceTree = "<group>"; };
		DEF260A91C7A761D002E5178 /* BSUnicodeHelper.h */ = {isa = PBXFileReference; fileEncoding = 4; lastKnownFileType = sourcecode.c.h; lineEnding = 0; name = BSUnicodeHelper.h; path = UnicodeConverterTests/BSUnicodeHelper.h; sourceTree = "<group>"; xcLanguageSpecificationIdentifier = xcode.lang.objcpp; };
		DEF260AA1C7A761D002E5178 /* BSUnicodeHelper.m */ = {isa = PBXFileReference; fileEncoding = 4; lastKnownFileType = sourcecode.c.objc; name = BSUnicodeHelper.m; path = UnicodeConverterTests/BSUnicodeHelper.m; sourceTree = "<group>"; };
		DEF8D68F1C7AD27300642209 /* BSStringDataTests.m */ = {isa = PBXFileReference; fileEncoding = 4; lastKnownFileType = sourcecode.c.objc; path = BSStringDataTests.m; sourceTree = "<group>"; };
		DEFF998E1C7A7DFE00BD782E /* BSUnicodeHelperTests.m */ = {isa = PBXFileReference; fileEncoding = 4; lastKnownFileType = sourcecode.c.objc; path = BSUnicodeHelperTests.m; sourceTree = "<group>"; };
		DEFF99901C7A7FF300BD782E /* BSUnicodeConstants.h */ = {isa = PBXFileReference; fileEncoding = 4; lastKnownFileType = sourcecode.c.h; path = BSUnicodeConstants.h; sourceTree = "<group>"; };
		DEFF99911C7A7FF300BD782E /* BSUnicodeConstants.m */ = {isa = PBXFileReference; fileEncoding = 4; lastKnownFileType = sourcecode.c.objc; path = BSUnicodeConstants.m; sourceTree = "<group>"; };
/* End PBXFileReference section */

/* Begin PBXFrameworksBuildPhase section */
		DE381A611A9717F40008B492 /* Frameworks */ = {
			isa = PBXFrameworksBuildPhase;
			buildActionMask = 2147483647;
			files = (
			);
			runOnlyForDeploymentPostprocessing = 0;
		};
		DE381A7A1A9717F50008B492 /* Frameworks */ = {
			isa = PBXFrameworksBuildPhase;
			buildActionMask = 2147483647;
			files = (
			);
			runOnlyForDeploymentPostprocessing = 0;
		};
/* End PBXFrameworksBuildPhase section */

/* Begin PBXGroup section */
		DE381A5B1A9717F30008B492 = {
			isa = PBXGroup;
			children = (
				DE63260D1A9870E100095504 /* BSUnicodeConverter.h */,
				DE63260E1A9870E100095504 /* BSUnicodeConverter.m */,
				DEF260A91C7A761D002E5178 /* BSUnicodeHelper.h */,
				DEF260AA1C7A761D002E5178 /* BSUnicodeHelper.m */,
				DED333321A971ABF00D8E2B2 /* README.md */,
				DE8E95941A971BCD0099DD6E /* LICENSE */,
				DE381A661A9717F40008B492 /* UnicodeConverter */,
				DE381A801A9717F50008B492 /* UnicodeConverterTests */,
				DE381A651A9717F40008B492 /* Products */,
			);
			sourceTree = "<group>";
		};
		DE381A651A9717F40008B492 /* Products */ = {
			isa = PBXGroup;
			children = (
				DE381A641A9717F40008B492 /* UnicodeConverter.app */,
				DE381A7D1A9717F50008B492 /* UnicodeConverterTests.xctest */,
			);
			name = Products;
			sourceTree = "<group>";
		};
		DE381A661A9717F40008B492 /* UnicodeConverter */ = {
			isa = PBXGroup;
			children = (
				DE381A6B1A9717F40008B492 /* AppDelegate.h */,
				DE381A6C1A9717F40008B492 /* AppDelegate.m */,
				DE381A6E1A9717F40008B492 /* ViewController.h */,
				DE381A6F1A9717F40008B492 /* ViewController.m */,
				DE381A711A9717F40008B492 /* Main.storyboard */,
				DE381A741A9717F50008B492 /* Images.xcassets */,
				DE381A761A9717F50008B492 /* LaunchScreen.xib */,
				DE381A671A9717F40008B492 /* Supporting Files */,
			);
			path = UnicodeConverter;
			sourceTree = "<group>";
		};
		DE381A671A9717F40008B492 /* Supporting Files */ = {
			isa = PBXGroup;
			children = (
				DE381A681A9717F40008B492 /* Info.plist */,
				DE381A691A9717F40008B492 /* main.m */,
			);
			name = "Supporting Files";
			sourceTree = "<group>";
		};
		DE381A801A9717F50008B492 /* UnicodeConverterTests */ = {
			isa = PBXGroup;
			children = (
				DEF8D68F1C7AD27300642209 /* BSStringDataTests.m */,
				DEFF99901C7A7FF300BD782E /* BSUnicodeConstants.h */,
				DEFF99911C7A7FF300BD782E /* BSUnicodeConstants.m */,
				DE381A831A9717F60008B492 /* BSUnicodeConverterTests.m */,
				DEFF998E1C7A7DFE00BD782E /* BSUnicodeHelperTests.m */,
				DE381A811A9717F50008B492 /* Supporting Files */,
			);
			path = UnicodeConverterTests;
			sourceTree = "<group>";
		};
		DE381A811A9717F50008B492 /* Supporting Files */ = {
			isa = PBXGroup;
			children = (
				DE381A821A9717F50008B492 /* Info.plist */,
			);
			name = "Supporting Files";
			sourceTree = "<group>";
		};
/* End PBXGroup section */

/* Begin PBXNativeTarget section */
		DE381A631A9717F40008B492 /* UnicodeConverter */ = {
			isa = PBXNativeTarget;
			buildConfigurationList = DE381A871A9717F60008B492 /* Build configuration list for PBXNativeTarget "UnicodeConverter" */;
			buildPhases = (
				DE381A601A9717F40008B492 /* Sources */,
				DE381A611A9717F40008B492 /* Frameworks */,
				DE381A621A9717F40008B492 /* Resources */,
			);
			buildRules = (
			);
			dependencies = (
			);
			name = UnicodeConverter;
			productName = UnicodeConverter;
			productReference = DE381A641A9717F40008B492 /* UnicodeConverter.app */;
			productType = "com.apple.product-type.application";
		};
		DE381A7C1A9717F50008B492 /* UnicodeConverterTests */ = {
			isa = PBXNativeTarget;
			buildConfigurationList = DE381A8A1A9717F60008B492 /* Build configuration list for PBXNativeTarget "UnicodeConverterTests" */;
			buildPhases = (
				DE381A791A9717F50008B492 /* Sources */,
				DE381A7A1A9717F50008B492 /* Frameworks */,
				DE381A7B1A9717F50008B492 /* Resources */,
			);
			buildRules = (
			);
			dependencies = (
				DE381A7F1A9717F50008B492 /* PBXTargetDependency */,
			);
			name = UnicodeConverterTests;
			productName = UnicodeConverterTests;
			productReference = DE381A7D1A9717F50008B492 /* UnicodeConverterTests.xctest */;
			productType = "com.apple.product-type.bundle.unit-test";
		};
/* End PBXNativeTarget section */

/* Begin PBXProject section */
		DE381A5C1A9717F30008B492 /* Project object */ = {
			isa = PBXProject;
			attributes = {
				LastUpgradeCheck = 0720;
				ORGANIZATIONNAME = "Beepscore LLC";
				TargetAttributes = {
					DE381A631A9717F40008B492 = {
						CreatedOnToolsVersion = 6.1.1;
					};
					DE381A7C1A9717F50008B492 = {
						CreatedOnToolsVersion = 6.1.1;
						TestTargetID = DE381A631A9717F40008B492;
					};
				};
			};
			buildConfigurationList = DE381A5F1A9717F30008B492 /* Build configuration list for PBXProject "UnicodeConverter" */;
			compatibilityVersion = "Xcode 3.2";
			developmentRegion = English;
			hasScannedForEncodings = 0;
			knownRegions = (
				en,
				Base,
			);
			mainGroup = DE381A5B1A9717F30008B492;
			productRefGroup = DE381A651A9717F40008B492 /* Products */;
			projectDirPath = "";
			projectRoot = "";
			targets = (
				DE381A631A9717F40008B492 /* UnicodeConverter */,
				DE381A7C1A9717F50008B492 /* UnicodeConverterTests */,
			);
		};
/* End PBXProject section */

/* Begin PBXResourcesBuildPhase section */
		DE381A621A9717F40008B492 /* Resources */ = {
			isa = PBXResourcesBuildPhase;
			buildActionMask = 2147483647;
			files = (
				DE381A731A9717F40008B492 /* Main.storyboard in Resources */,
				DE381A781A9717F50008B492 /* LaunchScreen.xib in Resources */,
				DE381A751A9717F50008B492 /* Images.xcassets in Resources */,
			);
			runOnlyForDeploymentPostprocessing = 0;
		};
		DE381A7B1A9717F50008B492 /* Resources */ = {
			isa = PBXResourcesBuildPhase;
			buildActionMask = 2147483647;
			files = (
			);
			runOnlyForDeploymentPostprocessing = 0;
		};
/* End PBXResourcesBuildPhase section */

/* Begin PBXSourcesBuildPhase section */
		DE381A601A9717F40008B492 /* Sources */ = {
			isa = PBXSourcesBuildPhase;
			buildActionMask = 2147483647;
			files = (
				DE63260F1A9870E100095504 /* BSUnicodeConverter.m in Sources */,
				DEF260AD1C7A7D00002E5178 /* BSUnicodeHelper.m in Sources */,
				DE381A701A9717F40008B492 /* ViewController.m in Sources */,
				DE381A6D1A9717F40008B492 /* AppDelegate.m in Sources */,
				DE381A6A1A9717F40008B492 /* main.m in Sources */,
			);
			runOnlyForDeploymentPostprocessing = 0;
		};
		DE381A791A9717F50008B492 /* Sources */ = {
			isa = PBXSourcesBuildPhase;
			buildActionMask = 2147483647;
			files = (
				DEF8D6901C7AD27300642209 /* BSStringDataTests.m in Sources */,
				DEFF99921C7A7FF300BD782E /* BSUnicodeConstants.m in Sources */,
				DEF260AC1C7A7CF6002E5178 /* BSUnicodeConverter.m in Sources */,
				DE381A841A9717F60008B492 /* BSUnicodeConverterTests.m in Sources */,
				DEFF998F1C7A7DFE00BD782E /* BSUnicodeHelperTests.m in Sources */,
			);
			runOnlyForDeploymentPostprocessing = 0;
		};
/* End PBXSourcesBuildPhase section */

/* Begin PBXTargetDependency section */
		DE381A7F1A9717F50008B492 /* PBXTargetDependency */ = {
			isa = PBXTargetDependency;
			target = DE381A631A9717F40008B492 /* UnicodeConverter */;
			targetProxy = DE381A7E1A9717F50008B492 /* PBXContainerItemProxy */;
		};
/* End PBXTargetDependency section */

/* Begin PBXVariantGroup section */
		DE381A711A9717F40008B492 /* Main.storyboard */ = {
			isa = PBXVariantGroup;
			children = (
				DE381A721A9717F40008B492 /* Base */,
			);
			name = Main.storyboard;
			sourceTree = "<group>";
		};
		DE381A761A9717F50008B492 /* LaunchScreen.xib */ = {
			isa = PBXVariantGroup;
			children = (
				DE381A771A9717F50008B492 /* Base */,
			);
			name = LaunchScreen.xib;
			sourceTree = "<group>";
		};
/* End PBXVariantGroup section */

/* Begin XCBuildConfiguration section */
		DE381A851A9717F60008B492 /* Debug */ = {
			isa = XCBuildConfiguration;
			buildSettings = {
				ALWAYS_SEARCH_USER_PATHS = NO;
				CLANG_CXX_LANGUAGE_STANDARD = "gnu++0x";
				CLANG_CXX_LIBRARY = "libc++";
				CLANG_ENABLE_MODULES = YES;
				CLANG_ENABLE_OBJC_ARC = YES;
				CLANG_WARN_BOOL_CONVERSION = YES;
				CLANG_WARN_CONSTANT_CONVERSION = YES;
				CLANG_WARN_DIRECT_OBJC_ISA_USAGE = YES_ERROR;
				CLANG_WARN_EMPTY_BODY = YES;
				CLANG_WARN_ENUM_CONVERSION = YES;
				CLANG_WARN_INT_CONVERSION = YES;
				CLANG_WARN_OBJC_ROOT_CLASS = YES_ERROR;
				CLANG_WARN_UNREACHABLE_CODE = YES;
				CLANG_WARN__DUPLICATE_METHOD_MATCH = YES;
				"CODE_SIGN_IDENTITY[sdk=iphoneos*]" = "iPhone Developer";
				COPY_PHASE_STRIP = NO;
				ENABLE_STRICT_OBJC_MSGSEND = YES;
				ENABLE_TESTABILITY = YES;
				GCC_C_LANGUAGE_STANDARD = gnu99;
				GCC_DYNAMIC_NO_PIC = NO;
				GCC_OPTIMIZATION_LEVEL = 0;
				GCC_PREPROCESSOR_DEFINITIONS = (
					"DEBUG=1",
					"$(inherited)",
				);
				GCC_SYMBOLS_PRIVATE_EXTERN = NO;
				GCC_WARN_64_TO_32_BIT_CONVERSION = YES;
				GCC_WARN_ABOUT_RETURN_TYPE = YES_ERROR;
				GCC_WARN_UNDECLARED_SELECTOR = YES;
				GCC_WARN_UNINITIALIZED_AUTOS = YES_AGGRESSIVE;
				GCC_WARN_UNUSED_FUNCTION = YES;
				GCC_WARN_UNUSED_VARIABLE = YES;
				IPHONEOS_DEPLOYMENT_TARGET = 8.1;
				MTL_ENABLE_DEBUG_INFO = YES;
				ONLY_ACTIVE_ARCH = YES;
				SDKROOT = iphoneos;
				TARGETED_DEVICE_FAMILY = "1,2";
			};
			name = Debug;
		};
		DE381A861A9717F60008B492 /* Release */ = {
			isa = XCBuildConfiguration;
			buildSettings = {
				ALWAYS_SEARCH_USER_PATHS = NO;
				CLANG_CXX_LANGUAGE_STANDARD = "gnu++0x";
				CLANG_CXX_LIBRARY = "libc++";
				CLANG_ENABLE_MODULES = YES;
				CLANG_ENABLE_OBJC_ARC = YES;
				CLANG_WARN_BOOL_CONVERSION = YES;
				CLANG_WARN_CONSTANT_CONVERSION = YES;
				CLANG_WARN_DIRECT_OBJC_ISA_USAGE = YES_ERROR;
				CLANG_WARN_EMPTY_BODY = YES;
				CLANG_WARN_ENUM_CONVERSION = YES;
				CLANG_WARN_INT_CONVERSION = YES;
				CLANG_WARN_OBJC_ROOT_CLASS = YES_ERROR;
				CLANG_WARN_UNREACHABLE_CODE = YES;
				CLANG_WARN__DUPLICATE_METHOD_MATCH = YES;
				"CODE_SIGN_IDENTITY[sdk=iphoneos*]" = "iPhone Developer";
				COPY_PHASE_STRIP = YES;
				ENABLE_NS_ASSERTIONS = NO;
				ENABLE_STRICT_OBJC_MSGSEND = YES;
				GCC_C_LANGUAGE_STANDARD = gnu99;
				GCC_WARN_64_TO_32_BIT_CONVERSION = YES;
				GCC_WARN_ABOUT_RETURN_TYPE = YES_ERROR;
				GCC_WARN_UNDECLARED_SELECTOR = YES;
				GCC_WARN_UNINITIALIZED_AUTOS = YES_AGGRESSIVE;
				GCC_WARN_UNUSED_FUNCTION = YES;
				GCC_WARN_UNUSED_VARIABLE = YES;
				IPHONEOS_DEPLOYMENT_TARGET = 8.1;
				MTL_ENABLE_DEBUG_INFO = NO;
				SDKROOT = iphoneos;
				TARGETED_DEVICE_FAMILY = "1,2";
				VALIDATE_PRODUCT = YES;
			};
			name = Release;
		};
		DE381A881A9717F60008B492 /* Debug */ = {
			isa = XCBuildConfiguration;
			buildSettings = {
				ASSETCATALOG_COMPILER_APPICON_NAME = AppIcon;
				INFOPLIST_FILE = UnicodeConverter/Info.plist;
				LD_RUNPATH_SEARCH_PATHS = "$(inherited) @executable_path/Frameworks";
				PRODUCT_BUNDLE_IDENTIFIER = "com.beepscore.$(PRODUCT_NAME:rfc1034identifier)";
				PRODUCT_NAME = "$(TARGET_NAME)";
			};
			name = Debug;
		};
		DE381A891A9717F60008B492 /* Release */ = {
			isa = XCBuildConfiguration;
			buildSettings = {
				ASSETCATALOG_COMPILER_APPICON_NAME = AppIcon;
				INFOPLIST_FILE = UnicodeConverter/Info.plist;
				LD_RUNPATH_SEARCH_PATHS = "$(inherited) @executable_path/Frameworks";
				PRODUCT_BUNDLE_IDENTIFIER = "com.beepscore.$(PRODUCT_NAME:rfc1034identifier)";
				PRODUCT_NAME = "$(TARGET_NAME)";
			};
			name = Release;
		};
		DE381A8B1A9717F60008B492 /* Debug */ = {
			isa = XCBuildConfiguration;
			buildSettings = {
				BUNDLE_LOADER = "$(TEST_HOST)";
				FRAMEWORK_SEARCH_PATHS = "$(inherited)";
				GCC_PREPROCESSOR_DEFINITIONS = (
					"DEBUG=1",
					"$(inherited)",
				);
				INFOPLIST_FILE = UnicodeConverterTests/Info.plist;
				LD_RUNPATH_SEARCH_PATHS = "$(inherited) @executable_path/Frameworks @loader_path/Frameworks";
				PRODUCT_BUNDLE_IDENTIFIER = "com.beepscore.$(PRODUCT_NAME:rfc1034identifier)";
				PRODUCT_NAME = "$(TARGET_NAME)";
				TEST_HOST = "$(BUILT_PRODUCTS_DIR)/UnicodeConverter.app/UnicodeConverter";
			};
			name = Debug;
		};
		DE381A8C1A9717F60008B492 /* Release */ = {
			isa = XCBuildConfiguration;
			buildSettings = {
				BUNDLE_LOADER = "$(TEST_HOST)";
				FRAMEWORK_SEARCH_PATHS = "$(inherited)";
				INFOPLIST_FILE = UnicodeConverterTests/Info.plist;
				LD_RUNPATH_SEARCH_PATHS = "$(inherited) @executable_path/Frameworks @loader_path/Frameworks";
				PRODUCT_BUNDLE_IDENTIFIER = "com.beepscore.$(PRODUCT_NAME:rfc1034identifier)";
				PRODUCT_NAME = "$(TARGET_NAME)";
				TEST_HOST = "$(BUILT_PRODUCTS_DIR)/UnicodeConverter.app/UnicodeConverter";
			};
			name = Release;
		};
/* End XCBuildConfiguration section */

/* Begin XCConfigurationList section */
		DE381A5F1A9717F30008B492 /* Build configuration list for PBXProject "UnicodeConverter" */ = {
			isa = XCConfigurationList;
			buildConfigurations = (
				DE381A851A9717F60008B492 /* Debug */,
				DE381A861A9717F60008B492 /* Release */,
			);
			defaultConfigurationIsVisible = 0;
			defaultConfigurationName = Release;
		};
		DE381A871A9717F60008B492 /* Build configuration list for PBXNativeTarget "UnicodeConverter" */ = {
			isa = XCConfigurationList;
			buildConfigurations = (
				DE381A881A9717F60008B492 /* Debug */,
				DE381A891A9717F60008B492 /* Release */,
			);
			defaultConfigurationIsVisible = 0;
			defaultConfigurationName = Release;
		};
		DE381A8A1A9717F60008B492 /* Build configuration list for PBXNativeTarget "UnicodeConverterTests" */ = {
			isa = XCConfigurationList;
			buildConfigurations = (
				DE381A8B1A9717F60008B492 /* Debug */,
				DE381A8C1A9717F60008B492 /* Release */,
			);
			defaultConfigurationIsVisible = 0;
			defaultConfigurationName = Release;
		};
/* End XCConfigurationList section */
	};
	rootObject = DE381A5C1A9717F30008B492 /* Project object */;
}
